
Microsoft Visual Studio Solution File, Format Version 12.00
# Visual Studio Version 17
VisualStudioVersion = 17.8.34004.107
MinimumVisualStudioVersion = 10.0.40219.1
Project("{FAE04EC0-301F-11D3-BF4B-00C04F79EFBC}") = "PersonelKayıt", "PersonelKayıt.csproj", "{A51612FB-6FD2-4FC5-9340-03FA23AF4439}"
EndProject
Global
	GlobalSection(SolutionConfigurationPlatforms) = preSolution
		Debug|Any CPU = Debug|Any CPU
		Release|Any CPU = Release|Any CPU
	EndGlobalSection
	GlobalSection(ProjectConfigurationPlatforms) = postSolution
		{A51612FB-6FD2-4FC5-9340-03FA23AF4439}.Debug|Any CPU.ActiveCfg = Debug|Any CPU
		{A51612FB-6FD2-4FC5-9340-03FA23AF4439}.Debug|Any CPU.Build.0 = Debug|Any CPU
		{A51612FB-6FD2-4FC5-9340-03FA23AF4439}.Release|Any CPU.ActiveCfg = Release|Any CPU
		{A51612FB-6FD2-4FC5-9340-03FA23AF4439}.Release|Any CPU.Build.0 = Release|Any CPU
	EndGlobalSection
	GlobalSection(SolutionProperties) = preSolution
		HideSolutionNode = FALSE
	EndGlobalSection
	GlobalSection(ExtensibilityGlobals) = postSolution
		SolutionGuid = {1B6550C4-1AC5-472C-B5BC-F1F266208C4F}
	EndGlobalSection
EndGlobal
